
Microsoft Visual Studio Solution File, Format Version 12.00
# Visual Studio Version 17
VisualStudioVersion = 17.11.35327.3
MinimumVisualStudioVersion = 10.0.40219.1
Project("{9A19103F-16F7-4668-BE54-9A1E7A4F7556}") = "CinemaBYT", "CinemaBYT\CinemaBYT.csproj", "{717AE043-0489-411E-A39A-950B685AD3CA}"
EndProject
Project("{FAE04EC0-301F-11D3-BF4B-00C04F79EFBC}") = "CinemaBYT_Tests", "CinemaBYT_Tests\CinemaBYT_Tests.csproj", "{77813F4E-01C2-4B4C-83B1-0B0CA31FE0E6}"
EndProject
Global
	GlobalSection(SolutionConfigurationPlatforms) = preSolution
		Debug|Any CPU = Debug|Any CPU
		Release|Any CPU = Release|Any CPU
	EndGlobalSection
	GlobalSection(ProjectConfigurationPlatforms) = postSolution
		{717AE043-0489-411E-A39A-950B685AD3CA}.Debug|Any CPU.ActiveCfg = Debug|Any CPU
		{717AE043-0489-411E-A39A-950B685AD3CA}.Debug|Any CPU.Build.0 = Debug|Any CPU
		{717AE043-0489-411E-A39A-950B685AD3CA}.Release|Any CPU.ActiveCfg = Release|Any CPU
		{717AE043-0489-411E-A39A-950B685AD3CA}.Release|Any CPU.Build.0 = Release|Any CPU
		{77813F4E-01C2-4B4C-83B1-0B0CA31FE0E6}.Debug|Any CPU.ActiveCfg = Debug|Any CPU
		{77813F4E-01C2-4B4C-83B1-0B0CA31FE0E6}.Debug|Any CPU.Build.0 = Debug|Any CPU
		{77813F4E-01C2-4B4C-83B1-0B0CA31FE0E6}.Release|Any CPU.ActiveCfg = Release|Any CPU
		{77813F4E-01C2-4B4C-83B1-0B0CA31FE0E6}.Release|Any CPU.Build.0 = Release|Any CPU
	EndGlobalSection
	GlobalSection(SolutionProperties) = preSolution
		HideSolutionNode = FALSE
	EndGlobalSection
	GlobalSection(ExtensibilityGlobals) = postSolution
		SolutionGuid = {998F2155-B38A-4D09-9C7C-CE8F3DAC22C9}
	EndGlobalSection
EndGlobal
